
Microsoft Visual Studio Solution File, Format Version 12.00
# Visual Studio Version 16
VisualStudioVersion = 16.0.29709.97
MinimumVisualStudioVersion = 10.0.40219.1
Project("{FAE04EC0-301F-11D3-BF4B-00C04F79EFBC}") = "Weeden_Assignment9", "Weeden_Assignment9\Weeden_Assignment9.csproj", "{013A8055-7E27-410E-BB47-494A25C89A10}"
EndProject
Global
	GlobalSection(SolutionConfigurationPlatforms) = preSolution
		Debug|Any CPU = Debug|Any CPU
		Release|Any CPU = Release|Any CPU
	EndGlobalSection
	GlobalSection(ProjectConfigurationPlatforms) = postSolution
		{013A8055-7E27-410E-BB47-494A25C89A10}.Debug|Any CPU.ActiveCfg = Debug|Any CPU
		{013A8055-7E27-410E-BB47-494A25C89A10}.Debug|Any CPU.Build.0 = Debug|Any CPU
		{013A8055-7E27-410E-BB47-494A25C89A10}.Release|Any CPU.ActiveCfg = Release|Any CPU
		{013A8055-7E27-410E-BB47-494A25C89A10}.Release|Any CPU.Build.0 = Release|Any CPU
	EndGlobalSection
	GlobalSection(SolutionProperties) = preSolution
		HideSolutionNode = FALSE
	EndGlobalSection
	GlobalSection(ExtensibilityGlobals) = postSolution
		SolutionGuid = {2EA6DE76-9778-4542-A65E-44EC75CDD7C2}
	EndGlobalSection
EndGlobal
